lockfileVersion: 5.4

importers:

  .:
    specifiers:
      esbuild: ^0.14.38
      minimist: ^1.2.6
      typescript: ^4.6.4
    devDependencies:
      esbuild: registry.npmmirror.com/esbuild/0.14.38
      minimist: registry.npmmirror.com/minimist/1.2.6
      typescript: registry.npmmirror.com/typescript/4.6.4

  packages/reactivity:
    specifiers: {}

  packages/shared:
    specifiers: {}

packages:

  registry.npmmirror.com/esbuild-android-64/0.14.38:
    resolution: {integrity: sha512-aRFxR3scRKkbmNuGAK+Gee3+yFxkTJO/cx83Dkyzo4CnQl/2zVSurtG6+G86EQIZ+w+VYngVyK7P3HyTBKu3nw==, registry: https://registry.npm.taobao.org/, tarball: https://registry.npmmirror.com/esbuild-android-64/-/esbuild-android-64-0.14.38.tgz}
    name: esbuild-android-64
    version: 0.14.38
    engines: {node: '>=12'}
    cpu: [x64]
    os: [android]
    requiresBuild: true
    dev: true
    optional: true

  registry.npmmirror.com/esbuild-android-arm64/0.14.38:
    resolution: {integrity: sha512-L2NgQRWuHFI89IIZIlpAcINy9FvBk6xFVZ7xGdOwIm8VyhX1vNCEqUJO3DPSSy945Gzdg98cxtNt8Grv1CsyhA==, registry: https://registry.npm.taobao.org/, tarball: https://registry.npmmirror.com/esbuild-android-arm64/-/esbuild-android-arm64-0.14.38.tgz}
    name: esbuild-android-arm64
    version: 0.14.38
    engines: {node: '>=12'}
    cpu: [arm64]
    os: [android]
    requiresBuild: true
    dev: true
    optional: true

  registry.npmmirror.com/esbuild-darwin-64/0.14.38:
    resolution: {integrity: sha512-5JJvgXkX87Pd1Og0u/NJuO7TSqAikAcQQ74gyJ87bqWRVeouky84ICoV4sN6VV53aTW+NE87qLdGY4QA2S7KNA==, registry: https://registry.npm.taobao.org/, tarball: https://registry.npmmirror.com/esbuild-darwin-64/-/esbuild-darwin-64-0.14.38.tgz}
    name: esbuild-darwin-64
    version: 0.14.38
    engines: {node: '>=12'}
    cpu: [x64]
    os: [darwin]
    requiresBuild: true
    dev: true
    optional: true

  registry.npmmirror.com/esbuild-darwin-arm64/0.14.38:
    resolution: {integrity: sha512-eqF+OejMI3mC5Dlo9Kdq/Ilbki9sQBw3QlHW3wjLmsLh+quNfHmGMp3Ly1eWm981iGBMdbtSS9+LRvR2T8B3eQ==, registry: https://registry.npm.taobao.org/, tarball: https://registry.npmmirror.com/esbuild-darwin-arm64/-/esbuild-darwin-arm64-0.14.38.tgz}
    name: esbuild-darwin-arm64
    version: 0.14.38
    engines: {node: '>=12'}
    cpu: [arm64]
    os: [darwin]
    requiresBuild: true
    dev: true
    optional: true

  registry.npmmirror.com/esbuild-freebsd-64/0.14.38:
    resolution: {integrity: sha512-epnPbhZUt93xV5cgeY36ZxPXDsQeO55DppzsIgWM8vgiG/Rz+qYDLmh5ts3e+Ln1wA9dQ+nZmVHw+RjaW3I5Ig==, registry: https://registry.npm.taobao.org/, tarball: https://registry.npmmirror.com/esbuild-freebsd-64/-/esbuild-freebsd-64-0.14.38.tgz}
    name: esbuild-freebsd-64
    version: 0.14.38
    engines: {node: '>=12'}
    cpu: [x64]
    os: [freebsd]
    requiresBuild: true
    dev: true
    optional: true

  registry.npmmirror.com/esbuild-freebsd-arm64/0.14.38:
    resolution: {integrity: sha512-/9icXUYJWherhk+y5fjPI5yNUdFPtXHQlwP7/K/zg8t8lQdHVj20SqU9/udQmeUo5pDFHMYzcEFfJqgOVeKNNQ==, registry: https://registry.npm.taobao.org/, tarball: https://registry.npmmirror.com/esbuild-freebsd-arm64/-/esbuild-freebsd-arm64-0.14.38.tgz}
    name: esbuild-freebsd-arm64
    version: 0.14.38
    engines: {node: '>=12'}
    cpu: [arm64]
    os: [freebsd]
    requiresBuild: true
    dev: true
    optional: true

  registry.npmmirror.com/esbuild-linux-32/0.14.38:
    resolution: {integrity: sha512-QfgfeNHRFvr2XeHFzP8kOZVnal3QvST3A0cgq32ZrHjSMFTdgXhMhmWdKzRXP/PKcfv3e2OW9tT9PpcjNvaq6g==, registry: https://registry.npm.taobao.org/, tarball: https://registry.npmmirror.com/esbuild-linux-32/-/esbuild-linux-32-0.14.38.tgz}
    name: esbuild-linux-32
    version: 0.14.38
    engines: {node: '>=12'}
    cpu: [ia32]
    os: [linux]
    requiresBuild: true
    dev: true
    optional: true

  registry.npmmirror.com/esbuild-linux-64/0.14.38:
    resolution: {integrity: sha512-uuZHNmqcs+Bj1qiW9k/HZU3FtIHmYiuxZ/6Aa+/KHb/pFKr7R3aVqvxlAudYI9Fw3St0VCPfv7QBpUITSmBR1Q==, registry: https://registry.npm.taobao.org/, tarball: https://registry.npmmirror.com/esbuild-linux-64/-/esbuild-linux-64-0.14.38.tgz}
    name: esbuild-linux-64
    version: 0.14.38
    engines: {node: '>=12'}
    cpu: [x64]
    os: [linux]
    requiresBuild: true
    dev: true
    optional: true

  registry.npmmirror.com/esbuild-linux-arm/0.14.38:
    resolution: {integrity: sha512-FiFvQe8J3VKTDXG01JbvoVRXQ0x6UZwyrU4IaLBZeq39Bsbatd94Fuc3F1RGqPF5RbIWW7RvkVQjn79ejzysnA==, registry: https://registry.npm.taobao.org/, tarball: https://registry.npmmirror.com/esbuild-linux-arm/-/esbuild-linux-arm-0.14.38.tgz}
    name: esbuild-linux-arm
    version: 0.14.38
    engines: {node: '>=12'}
    cpu: [arm]
    os: [linux]
    requiresBuild: true
    dev: true
    optional: true

  registry.npmmirror.com/esbuild-linux-arm64/0.14.38:
    resolution: {integrity: sha512-HlMGZTEsBrXrivr64eZ/EO0NQM8H8DuSENRok9d+Jtvq8hOLzrxfsAT9U94K3KOGk2XgCmkaI2KD8hX7F97lvA==, registry: https://registry.npm.taobao.org/, tarball: https://registry.npmmirror.com/esbuild-linux-arm64/-/esbuild-linux-arm64-0.14.38.tgz}
    name: esbuild-linux-arm64
    version: 0.14.38
    engines: {node: '>=12'}
    cpu: [arm64]
    os: [linux]
    requiresBuild: true
    dev: true
    optional: true

  registry.npmmirror.com/esbuild-linux-mips64le/0.14.38:
    resolution: {integrity: sha512-qd1dLf2v7QBiI5wwfil9j0HG/5YMFBAmMVmdeokbNAMbcg49p25t6IlJFXAeLzogv1AvgaXRXvgFNhScYEUXGQ==, registry: https://registry.npm.taobao.org/, tarball: https://registry.npmmirror.com/esbuild-linux-mips64le/-/esbuild-linux-mips64le-0.14.38.tgz}
    name: esbuild-linux-mips64le
    version: 0.14.38
    engines: {node: '>=12'}
    cpu: [mips64el]
    os: [linux]
    requiresBuild: true
    dev: true
    optional: true

  registry.npmmirror.com/esbuild-linux-ppc64le/0.14.38:
    resolution: {integrity: sha512-mnbEm7o69gTl60jSuK+nn+pRsRHGtDPfzhrqEUXyCl7CTOCLtWN2bhK8bgsdp6J/2NyS/wHBjs1x8aBWwP2X9Q==, registry: https://registry.npm.taobao.org/, tarball: https://registry.npmmirror.com/esbuild-linux-ppc64le/-/esbuild-linux-ppc64le-0.14.38.tgz}
    name: esbuild-linux-ppc64le
    version: 0.14.38
    engines: {node: '>=12'}
    cpu: [ppc64]
    os: [linux]
    requiresBuild: true
    dev: true
    optional: true

  registry.npmmirror.com/esbuild-linux-riscv64/0.14.38:
    resolution: {integrity: sha512-+p6YKYbuV72uikChRk14FSyNJZ4WfYkffj6Af0/Tw63/6TJX6TnIKE+6D3xtEc7DeDth1fjUOEqm+ApKFXbbVQ==, registry: https://registry.npm.taobao.org/, tarball: https://registry.npmmirror.com/esbuild-linux-riscv64/-/esbuild-linux-riscv64-0.14.38.tgz}
    name: esbuild-linux-riscv64
    version: 0.14.38
    engines: {node: '>=12'}
    cpu: [riscv64]
    os: [linux]
    requiresBuild: true
    dev: true
    optional: true

  registry.npmmirror.com/esbuild-linux-s390x/0.14.38:
    resolution: {integrity: sha512-0zUsiDkGJiMHxBQ7JDU8jbaanUY975CdOW1YDrurjrM0vWHfjv9tLQsW9GSyEb/heSK1L5gaweRjzfUVBFoybQ==, registry: https://registry.npm.taobao.org/, tarball: https://registry.npmmirror.com/esbuild-linux-s390x/-/esbuild-linux-s390x-0.14.38.tgz}
    name: esbuild-linux-s390x
    version: 0.14.38
    engines: {node: '>=12'}
    cpu: [s390x]
    os: [linux]
    requiresBuild: true
    dev: true
    optional: true

  registry.npmmirror.com/esbuild-netbsd-64/0.14.38:
    resolution: {integrity: sha512-cljBAApVwkpnJZfnRVThpRBGzCi+a+V9Ofb1fVkKhtrPLDYlHLrSYGtmnoTVWDQdU516qYI8+wOgcGZ4XIZh0Q==, registry: https://registry.npm.taobao.org/, tarball: https://registry.npmmirror.com/esbuild-netbsd-64/-/esbuild-netbsd-64-0.14.38.tgz}
    name: esbuild-netbsd-64
    version: 0.14.38
    engines: {node: '>=12'}
    cpu: [x64]
    os: [netbsd]
    requiresBuild: true
    dev: true
    optional: true

  registry.npmmirror.com/esbuild-openbsd-64/0.14.38:
    resolution: {integrity: sha512-CDswYr2PWPGEPpLDUO50mL3WO/07EMjnZDNKpmaxUPsrW+kVM3LoAqr/CE8UbzugpEiflYqJsGPLirThRB18IQ==, registry: https://registry.npm.taobao.org/, tarball: https://registry.npmmirror.com/esbuild-openbsd-64/-/esbuild-openbsd-64-0.14.38.tgz}
    name: esbuild-openbsd-64
    version: 0.14.38
    engines: {node: '>=12'}
    cpu: [x64]
    os: [openbsd]
    requiresBuild: true
    dev: true
    optional: true

  registry.npmmirror.com/esbuild-sunos-64/0.14.38:
    resolution: {integrity: sha512-2mfIoYW58gKcC3bck0j7lD3RZkqYA7MmujFYmSn9l6TiIcAMpuEvqksO+ntBgbLep/eyjpgdplF7b+4T9VJGOA==, registry: https://registry.npm.taobao.org/, tarball: https://registry.npmmirror.com/esbuild-sunos-64/-/esbuild-sunos-64-0.14.38.tgz}
    name: esbuild-sunos-64
    version: 0.14.38
    engines: {node: '>=12'}
    cpu: [x64]
    os: [sunos]
    requiresBuild: true
    dev: true
    optional: true

  registry.npmmirror.com/esbuild-windows-32/0.14.38:
    resolution: {integrity: sha512-L2BmEeFZATAvU+FJzJiRLFUP+d9RHN+QXpgaOrs2klshoAm1AE6Us4X6fS9k33Uy5SzScn2TpcgecbqJza1Hjw==, registry: https://registry.npm.taobao.org/, tarball: https://registry.npmmirror.com/esbuild-windows-32/-/esbuild-windows-32-0.14.38.tgz}
    name: esbuild-windows-32
    version: 0.14.38
    engines: {node: '>=12'}
    cpu: [ia32]
    os: [win32]
    requiresBuild: true
    dev: true
    optional: true

  registry.npmmirror.com/esbuild-windows-64/0.14.38:
    resolution: {integrity: sha512-Khy4wVmebnzue8aeSXLC+6clo/hRYeNIm0DyikoEqX+3w3rcvrhzpoix0S+MF9vzh6JFskkIGD7Zx47ODJNyCw==, registry: https://registry.npm.taobao.org/, tarball: https://registry.npmmirror.com/esbuild-windows-64/-/esbuild-windows-64-0.14.38.tgz}
    name: esbuild-windows-64
    version: 0.14.38
    engines: {node: '>=12'}
    cpu: [x64]
    os: [win32]
    requiresBuild: true
    dev: true
    optional: true

  registry.npmmirror.com/esbuild-windows-arm64/0.14.38:
    resolution: {integrity: sha512-k3FGCNmHBkqdJXuJszdWciAH77PukEyDsdIryEHn9cKLQFxzhT39dSumeTuggaQcXY57UlmLGIkklWZo2qzHpw==, registry: https://registry.npm.taobao.org/, tarball: https://registry.npmmirror.com/esbuild-windows-arm64/-/esbuild-windows-arm64-0.14.38.tgz}
    name: esbuild-windows-arm64
    version: 0.14.38
    engines: {node: '>=12'}
    cpu: [arm64]
    os: [win32]
    requiresBuild: true
    dev: true
    optional: true

  registry.npmmirror.com/esbuild/0.14.38:
    resolution: {integrity: sha512-12fzJ0fsm7gVZX1YQ1InkOE5f9Tl7cgf6JPYXRJtPIoE0zkWAbHdPHVPPaLi9tYAcEBqheGzqLn/3RdTOyBfcA==, registry: https://registry.npm.taobao.org/, tarball: https://registry.npmmirror.com/esbuild/-/esbuild-0.14.38.tgz}
    name: esbuild
    version: 0.14.38
    engines: {node: '>=12'}
    hasBin: true
    requiresBuild: true
    optionalDependencies:
      esbuild-android-64: registry.npmmirror.com/esbuild-android-64/0.14.38
      esbuild-android-arm64: registry.npmmirror.com/esbuild-android-arm64/0.14.38
      esbuild-darwin-64: registry.npmmirror.com/esbuild-darwin-64/0.14.38
      esbuild-darwin-arm64: registry.npmmirror.com/esbuild-darwin-arm64/0.14.38
      esbuild-freebsd-64: registry.npmmirror.com/esbuild-freebsd-64/0.14.38
      esbuild-freebsd-arm64: registry.npmmirror.com/esbuild-freebsd-arm64/0.14.38
      esbuild-linux-32: registry.npmmirror.com/esbuild-linux-32/0.14.38
      esbuild-linux-64: registry.npmmirror.com/esbuild-linux-64/0.14.38
      esbuild-linux-arm: registry.npmmirror.com/esbuild-linux-arm/0.14.38
      esbuild-linux-arm64: registry.npmmirror.com/esbuild-linux-arm64/0.14.38
      esbuild-linux-mips64le: registry.npmmirror.com/esbuild-linux-mips64le/0.14.38
      esbuild-linux-ppc64le: registry.npmmirror.com/esbuild-linux-ppc64le/0.14.38
      esbuild-linux-riscv64: registry.npmmirror.com/esbuild-linux-riscv64/0.14.38
      esbuild-linux-s390x: registry.npmmirror.com/esbuild-linux-s390x/0.14.38
      esbuild-netbsd-64: registry.npmmirror.com/esbuild-netbsd-64/0.14.38
      esbuild-openbsd-64: registry.npmmirror.com/esbuild-openbsd-64/0.14.38
      esbuild-sunos-64: registry.npmmirror.com/esbuild-sunos-64/0.14.38
      esbuild-windows-32: registry.npmmirror.com/esbuild-windows-32/0.14.38
      esbuild-windows-64: registry.npmmirror.com/esbuild-windows-64/0.14.38
      esbuild-windows-arm64: registry.npmmirror.com/esbuild-windows-arm64/0.14.38
    dev: true

  registry.npmmirror.com/minimist/1.2.6:
    resolution: {integrity: sha512-Jsjnk4bw3YJqYzbdyBiNsPWHPfO++UGG749Cxs6peCu5Xg4nrena6OVxOYxrQTqww0Jmwt+Ref8rggumkTLz9Q==, registry: https://registry.npm.taobao.org/, tarball: https://registry.npmmirror.com/minimist/-/minimist-1.2.6.tgz}
    name: minimist
    version: 1.2.6
    dev: true

  registry.npmmirror.com/typescript/4.6.4:
    resolution: {integrity: sha512-9ia/jWHIEbo49HfjrLGfKbZSuWo9iTMwXO+Ca3pRsSpbsMbc7/IU8NKdCZVRRBafVPGnoJeFL76ZOAA84I9fEg==, registry: https://registry.npm.taobao.org/, tarball: https://registry.npmmirror.com/typescript/-/typescript-4.6.4.tgz}
    name: typescript
    version: 4.6.4
    engines: {node: '>=4.2.0'}
    hasBin: true
    dev: true
